// !$*UTF8*$!
{
	archiveVersion = 1;
	classes = {
	};
	objectVersion = 46;
	objects = {

/* Begin PBXBuildFile section */
		93FC495B1C6FB93F00B41CA5 /* AppDelegate.swift in Sources */ = {isa = PBXBuildFile; fileRef = 93FC495A1C6FB93F00B41CA5 /* AppDelegate.swift */; };
		93FC49601C6FB93F00B41CA5 /* Main.storyboard in Resources */ = {isa = PBXBuildFile; fileRef = 93FC495E1C6FB93F00B41CA5 /* Main.storyboard */; };
		93FC49631C6FB93F00B41CA5 /* VirtualTourist.xcdatamodeld in Sources */ = {isa = PBXBuildFile; fileRef = 93FC49611C6FB93F00B41CA5 /* VirtualTourist.xcdatamodeld */; };
		93FC49651C6FB93F00B41CA5 /* Assets.xcassets in Resources */ = {isa = PBXBuildFile; fileRef = 93FC49641C6FB93F00B41CA5 /* Assets.xcassets */; };
		93FC49681C6FB93F00B41CA5 /* LaunchScreen.storyboard in Resources */ = {isa = PBXBuildFile; fileRef = 93FC49661C6FB93F00B41CA5 /* LaunchScreen.storyboard */; };
		93FC49711C6FB99900B41CA5 /* ShowPhotoCollectionViewController.swift in Sources */ = {isa = PBXBuildFile; fileRef = 93FC49701C6FB99900B41CA5 /* ShowPhotoCollectionViewController.swift */; };
		93FC49731C6FB9CE00B41CA5 /* MapViewController.swift in Sources */ = {isa = PBXBuildFile; fileRef = 93FC49721C6FB9CE00B41CA5 /* MapViewController.swift */; };
		93FC49761C6FBBB400B41CA5 /* PinAnnotation.swift in Sources */ = {isa = PBXBuildFile; fileRef = 93FC49751C6FBBB400B41CA5 /* PinAnnotation.swift */; };
		93FC49781C6FBC8100B41CA5 /* Messages.swift in Sources */ = {isa = PBXBuildFile; fileRef = 93FC49771C6FBC8100B41CA5 /* Messages.swift */; };
		93FC497A1C6FBCEF00B41CA5 /* Utils.swift in Sources */ = {isa = PBXBuildFile; fileRef = 93FC49791C6FBCEF00B41CA5 /* Utils.swift */; };
		93FC497C1C6FBF6E00B41CA5 /* PinLocation.swift in Sources */ = {isa = PBXBuildFile; fileRef = 93FC497B1C6FBF6E00B41CA5 /* PinLocation.swift */; };
		93FC497E1C6FBFC800B41CA5 /* BaseViewController.swift in Sources */ = {isa = PBXBuildFile; fileRef = 93FC497D1C6FBFC800B41CA5 /* BaseViewController.swift */; };
		93FC49801C6FC00300B41CA5 /* ConnectionsValidator.swift in Sources */ = {isa = PBXBuildFile; fileRef = 93FC497F1C6FC00300B41CA5 /* ConnectionsValidator.swift */; };
		93FC49831C6FC27500B41CA5 /* PhotoCollectionCell.swift in Sources */ = {isa = PBXBuildFile; fileRef = 93FC49821C6FC27500B41CA5 /* PhotoCollectionCell.swift */; };
		93FC49851C6FC2D300B41CA5 /* StringExtension.swift in Sources */ = {isa = PBXBuildFile; fileRef = 93FC49841C6FC2D300B41CA5 /* StringExtension.swift */; };
/* End PBXBuildFile section */

/* Begin PBXFileReference section */
		93FC49571C6FB93E00B41CA5 /* VirtualTourist.app */ = {isa = PBXFileReference; explicitFileType = wrapper.application; includeInIndex = 0; path = VirtualTourist.app; sourceTree = BUILT_PRODUCTS_DIR; };
		93FC495A1C6FB93F00B41CA5 /* AppDelegate.swift */ = {isa = PBXFileReference; lastKnownFileType = sourcecode.swift; path = AppDelegate.swift; sourceTree = "<group>"; };
		93FC495F1C6FB93F00B41CA5 /* Base */ = {isa = PBXFileReference; lastKnownFileType = file.storyboard; name = Base; path = Base.lproj/Main.storyboard; sourceTree = "<group>"; };
		93FC49621C6FB93F00B41CA5 /* VirtualTourist.xcdatamodel */ = {isa = PBXFileReference; lastKnownFileType = wrapper.xcdatamodel; path = VirtualTourist.xcdatamodel; sourceTree = "<group>"; };
		93FC49641C6FB93F00B41CA5 /* Assets.xcassets */ = {isa = PBXFileReference; lastKnownFileType = folder.assetcatalog; path = Assets.xcassets; sourceTree = "<group>"; };
		93FC49671C6FB93F00B41CA5 /* Base */ = {isa = PBXFileReference; lastKnownFileType = file.storyboard; name = Base; path = Base.lproj/LaunchScreen.storyboard; sourceTree = "<group>"; };
		93FC49691C6FB93F00B41CA5 /* Info.plist */ = {isa = PBXFileReference; lastKnownFileType = text.plist.xml; path = Info.plist; sourceTree = "<group>"; };
		93FC49701C6FB99900B41CA5 /* ShowPhotoCollectionViewController.swift */ = {isa = PBXFileReference; fileEncoding = 4; lastKnownFileType = sourcecode.swift; name = ShowPhotoCollectionViewController.swift; path = ViewControllers/ShowPhotoCollectionViewController.swift; sourceTree = "<group>"; };
		93FC49721C6FB9CE00B41CA5 /* MapViewController.swift */ = {isa = PBXFileReference; fileEncoding = 4; lastKnownFileType = sourcecode.swift; name = MapViewController.swift; path = ViewControllers/MapViewController.swift; sourceTree = "<group>"; };
		93FC49751C6FBBB400B41CA5 /* PinAnnotation.swift */ = {isa = PBXFileReference; fileEncoding = 4; lastKnownFileType = sourcecode.swift; name = PinAnnotation.swift; path = Annotations/PinAnnotation.swift; sourceTree = "<group>"; };
		93FC49771C6FBC8100B41CA5 /* Messages.swift */ = {isa = PBXFileReference; fileEncoding = 4; lastKnownFileType = sourcecode.swift; name = Messages.swift; path = Miscelaneus/Messages.swift; sourceTree = "<group>"; };
		93FC49791C6FBCEF00B41CA5 /* Utils.swift */ = {isa = PBXFileReference; fileEncoding = 4; lastKnownFileType = sourcecode.swift; name = Utils.swift; path = Miscelaneus/Utils.swift; sourceTree = "<group>"; };
		93FC497B1C6FBF6E00B41CA5 /* PinLocation.swift */ = {isa = PBXFileReference; fileEncoding = 4; lastKnownFileType = sourcecode.swift; name = PinLocation.swift; path = Annotations/PinLocation.swift; sourceTree = "<group>"; };
		93FC497D1C6FBFC800B41CA5 /* BaseViewController.swift */ = {isa = PBXFileReference; fileEncoding = 4; lastKnownFileType = sourcecode.swift; path = BaseViewController.swift; sourceTree = "<group>"; };
		93FC497F1C6FC00300B41CA5 /* ConnectionsValidator.swift */ = {isa = PBXFileReference; fileEncoding = 4; lastKnownFileType = sourcecode.swift; path = ConnectionsValidator.swift; sourceTree = "<group>"; };
		93FC49821C6FC27500B41CA5 /* PhotoCollectionCell.swift */ = {isa = PBXFileReference; fileEncoding = 4; lastKnownFileType = sourcecode.swift; path = PhotoCollectionCell.swift; sourceTree = "<group>"; };
		93FC49841C6FC2D300B41CA5 /* StringExtension.swift */ = {isa = PBXFileReference; fileEncoding = 4; lastKnownFileType = sourcecode.swift; name = StringExtension.swift; path = Miscelaneus/StringExtension.swift; sourceTree = "<group>"; };
/* End PBXFileReference section */

/* Begin PBXFrameworksBuildPhase section */
		93FC49541C6FB93E00B41CA5 /* Frameworks */ = {
			isa = PBXFrameworksBuildPhase;
			buildActionMask = 2147483647;
			files = (
			);
			runOnlyForDeploymentPostprocessing = 0;
		};
/* End PBXFrameworksBuildPhase section */

/* Begin PBXGroup section */
		93FC494E1C6FB93E00B41CA5 = {
			isa = PBXGroup;
			children = (
				93FC49591C6FB93E00B41CA5 /* VirtualTourist */,
				93FC49581C6FB93E00B41CA5 /* Products */,
			);
			sourceTree = "<group>";
		};
		93FC49581C6FB93E00B41CA5 /* Products */ = {
			isa = PBXGroup;
			children = (
				93FC49571C6FB93E00B41CA5 /* VirtualTourist.app */,
			);
			name = Products;
			sourceTree = "<group>";
		};
		93FC49591C6FB93E00B41CA5 /* VirtualTourist */ = {
			isa = PBXGroup;
			children = (
				93FC495A1C6FB93F00B41CA5 /* AppDelegate.swift */,
				93FC49811C6FC01600B41CA5 /* Support */,
				93FC496F1C6FB94900B41CA5 /* ViewControllers */,
				93FC49741C6FBB7F00B41CA5 /* Annotation */,
				93FC495E1C6FB93F00B41CA5 /* Main.storyboard */,
				93FC49641C6FB93F00B41CA5 /* Assets.xcassets */,
				93FC49661C6FB93F00B41CA5 /* LaunchScreen.storyboard */,
				93FC49691C6FB93F00B41CA5 /* Info.plist */,
				93FC49611C6FB93F00B41CA5 /* VirtualTourist.xcdatamodeld */,
			);
			path = VirtualTourist;
			sourceTree = "<group>";
		};
		93FC496F1C6FB94900B41CA5 /* ViewControllers */ = {
			isa = PBXGroup;
			children = (
				93FC497D1C6FBFC800B41CA5 /* BaseViewController.swift */,
				93FC49721C6FB9CE00B41CA5 /* MapViewController.swift */,
				93FC49701C6FB99900B41CA5 /* ShowPhotoCollectionViewController.swift */,
			);
			name = ViewControllers;
			sourceTree = "<group>";
		};
		93FC49741C6FBB7F00B41CA5 /* Annotation */ = {
			isa = PBXGroup;
			children = (
				93FC49751C6FBBB400B41CA5 /* PinAnnotation.swift */,
				93FC497B1C6FBF6E00B41CA5 /* PinLocation.swift */,
			);
			name = Annotation;
			sourceTree = "<group>";
		};
		93FC49811C6FC01600B41CA5 /* Support */ = {
			isa = PBXGroup;
			children = (
				93FC49791C6FBCEF00B41CA5 /* Utils.swift */,
				93FC49771C6FBC8100B41CA5 /* Messages.swift */,
				93FC497F1C6FC00300B41CA5 /* ConnectionsValidator.swift */,
				93FC49821C6FC27500B41CA5 /* PhotoCollectionCell.swift */,
				93FC49841C6FC2D300B41CA5 /* StringExtension.swift */,
			);
			name = Support;
			sourceTree = "<group>";
		};
/* End PBXGroup section */

/* Begin PBXNativeTarget section */
		93FC49561C6FB93E00B41CA5 /* VirtualTourist */ = {
			isa = PBXNativeTarget;
			buildConfigurationList = 93FC496C1C6FB93F00B41CA5 /* Build configuration list for PBXNativeTarget "VirtualTourist" */;
			buildPhases = (
				93FC49531C6FB93E00B41CA5 /* Sources */,
				93FC49541C6FB93E00B41CA5 /* Frameworks */,
				93FC49551C6FB93E00B41CA5 /* Resources */,
			);
			buildRules = (
			);
			dependencies = (
			);
			name = VirtualTourist;
			productName = VirtualTourist;
			productReference = 93FC49571C6FB93E00B41CA5 /* VirtualTourist.app */;
			productType = "com.apple.product-type.application";
		};
/* End PBXNativeTarget section */

/* Begin PBXProject section */
		93FC494F1C6FB93E00B41CA5 /* Project object */ = {
			isa = PBXProject;
			attributes = {
				LastSwiftUpdateCheck = 0720;
				LastUpgradeCheck = 0720;
				ORGANIZATIONNAME = Mahisoft;
				TargetAttributes = {
					93FC49561C6FB93E00B41CA5 = {
						CreatedOnToolsVersion = 7.2.1;
					};
				};
			};
			buildConfigurationList = 93FC49521C6FB93E00B41CA5 /* Build configuration list for PBXProject "VirtualTourist" */;
			compatibilityVersion = "Xcode 3.2";
			developmentRegion = English;
			hasScannedForEncodings = 0;
			knownRegions = (
				en,
				Base,
			);
			mainGroup = 93FC494E1C6FB93E00B41CA5;
			productRefGroup = 93FC49581C6FB93E00B41CA5 /* Products */;
			projectDirPath = "";
			projectRoot = "";
			targets = (
				93FC49561C6FB93E00B41CA5 /* VirtualTourist */,
			);
		};
/* End PBXProject section */

/* Begin PBXResourcesBuildPhase section */
		93FC49551C6FB93E00B41CA5 /* Resources */ = {
			isa = PBXResourcesBuildPhase;
			buildActionMask = 2147483647;
			files = (
				93FC49681C6FB93F00B41CA5 /* LaunchScreen.storyboard in Resources */,
				93FC49651C6FB93F00B41CA5 /* Assets.xcassets in Resources */,
				93FC49601C6FB93F00B41CA5 /* Main.storyboard in Resources */,
			);
			runOnlyForDeploymentPostprocessing = 0;
		};
/* End PBXResourcesBuildPhase section */

/* Begin PBXSourcesBuildPhase section */
		93FC49531C6FB93E00B41CA5 /* Sources */ = {
			isa = PBXSourcesBuildPhase;
			buildActionMask = 2147483647;
			files = (
				93FC49801C6FC00300B41CA5 /* ConnectionsValidator.swift in Sources */,
				93FC49711C6FB99900B41CA5 /* ShowPhotoCollectionViewController.swift in Sources */,
				93FC49781C6FBC8100B41CA5 /* Messages.swift in Sources */,
				93FC495B1C6FB93F00B41CA5 /* AppDelegate.swift in Sources */,
				93FC497A1C6FBCEF00B41CA5 /* Utils.swift in Sources */,
				93FC497C1C6FBF6E00B41CA5 /* PinLocation.swift in Sources */,
				93FC497E1C6FBFC800B41CA5 /* BaseViewController.swift in Sources */,
				93FC49761C6FBBB400B41CA5 /* PinAnnotation.swift in Sources */,
				93FC49851C6FC2D300B41CA5 /* StringExtension.swift in Sources */,
				93FC49731C6FB9CE00B41CA5 /* MapViewController.swift in Sources */,
				93FC49631C6FB93F00B41CA5 /* VirtualTourist.xcdatamodeld in Sources */,
				93FC49831C6FC27500B41CA5 /* PhotoCollectionCell.swift in Sources */,
			);
			runOnlyForDeploymentPostprocessing = 0;
		};
/* End PBXSourcesBuildPhase section */

/* Begin PBXVariantGroup section */
		93FC495E1C6FB93F00B41CA5 /* Main.storyboard */ = {
			isa = PBXVariantGroup;
			children = (
				93FC495F1C6FB93F00B41CA5 /* Base */,
			);
			name = Main.storyboard;
			sourceTree = "<group>";
		};
		93FC49661C6FB93F00B41CA5 /* LaunchScreen.storyboard */ = {
			isa = PBXVariantGroup;
			children = (
				93FC49671C6FB93F00B41CA5 /* Base */,
			);
			name = LaunchScreen.storyboard;
			sourceTree = "<group>";
		};
/* End PBXVariantGroup section */

/* Begin XCBuildConfiguration section */
		93FC496A1C6FB93F00B41CA5 /* Debug */ = {
			isa = XCBuildConfiguration;
			buildSettings = {
				ALWAYS_SEARCH_USER_PATHS = NO;
				CLANG_CXX_LANGUAGE_STANDARD = "gnu++0x";
				CLANG_CXX_LIBRARY = "libc++";
				CLANG_ENABLE_MODULES = YES;
				CLANG_ENABLE_OBJC_ARC = YES;
				CLANG_WARN_BOOL_CONVERSION = YES;
				CLANG_WARN_CONSTANT_CONVERSION = YES;
				CLANG_WARN_DIRECT_OBJC_ISA_USAGE = YES_ERROR;
				CLANG_WARN_EMPTY_BODY = YES;
				CLANG_WARN_ENUM_CONVERSION = YES;
				CLANG_WARN_INT_CONVERSION = YES;
				CLANG_WARN_OBJC_ROOT_CLASS = YES_ERROR;
				CLANG_WARN_UNREACHABLE_CODE = YES;
				CLANG_WARN__DUPLICATE_METHOD_MATCH = YES;
				"CODE_SIGN_IDENTITY[sdk=iphoneos*]" = "iPhone Developer";
				COPY_PHASE_STRIP = NO;
				DEBUG_INFORMATION_FORMAT = dwarf;
				ENABLE_STRICT_OBJC_MSGSEND = YES;
				ENABLE_TESTABILITY = YES;
				GCC_C_LANGUAGE_STANDARD = gnu99;
				GCC_DYNAMIC_NO_PIC = NO;
				GCC_NO_COMMON_BLOCKS = YES;
				GCC_OPTIMIZATION_LEVEL = 0;
				GCC_PREPROCESSOR_DEFINITIONS = (
					"DEBUG=1",
					"$(inherited)",
				);
				GCC_WARN_64_TO_32_BIT_CONVERSION = YES;
				GCC_WARN_ABOUT_RETURN_TYPE = YES_ERROR;
				GCC_WARN_UNDECLARED_SELECTOR = YES;
				GCC_WARN_UNINITIALIZED_AUTOS = YES_AGGRESSIVE;
				GCC_WARN_UNUSED_FUNCTION = YES;
				GCC_WARN_UNUSED_VARIABLE = YES;
				IPHONEOS_DEPLOYMENT_TARGET = 9.2;
				MTL_ENABLE_DEBUG_INFO = YES;
				ONLY_ACTIVE_ARCH = YES;
				SDKROOT = iphoneos;
				SWIFT_OPTIMIZATION_LEVEL = "-Onone";
				TARGETED_DEVICE_FAMILY = "1,2";
			};
			name = Debug;
		};
		93FC496B1C6FB93F00B41CA5 /* Release */ = {
			isa = XCBuildConfiguration;
			buildSettings = {
				ALWAYS_SEARCH_USER_PATHS = NO;
				CLANG_CXX_LANGUAGE_STANDARD = "gnu++0x";
				CLANG_CXX_LIBRARY = "libc++";
				CLANG_ENABLE_MODULES = YES;
				CLANG_ENABLE_OBJC_ARC = YES;
				CLANG_WARN_BOOL_CONVERSION = YES;
				CLANG_WARN_CONSTANT_CONVERSION = YES;
				CLANG_WARN_DIRECT_OBJC_ISA_USAGE = YES_ERROR;
				CLANG_WARN_EMPTY_BODY = YES;
				CLANG_WARN_ENUM_CONVERSION = YES;
				CLANG_WARN_INT_CONVERSION = YES;
				CLANG_WARN_OBJC_ROOT_CLASS = YES_ERROR;
				CLANG_WARN_UNREACHABLE_CODE = YES;
				CLANG_WARN__DUPLICATE_METHOD_MATCH = YES;
				"CODE_SIGN_IDENTITY[sdk=iphoneos*]" = "iPhone Developer";
				COPY_PHASE_STRIP = NO;
				DEBUG_INFORMATION_FORMAT = "dwarf-with-dsym";
				ENABLE_NS_ASSERTIONS = NO;
				ENABLE_STRICT_OBJC_MSGSEND = YES;
				GCC_C_LANGUAGE_STANDARD = gnu99;
				GCC_NO_COMMON_BLOCKS = YES;
				GCC_WARN_64_TO_32_BIT_CONVERSION = YES;
				GCC_WARN_ABOUT_RETURN_TYPE = YES_ERROR;
				GCC_WARN_UNDECLARED_SELECTOR = YES;
				GCC_WARN_UNINITIALIZED_AUTOS = YES_AGGRESSIVE;
				GCC_WARN_UNUSED_FUNCTION = YES;
				GCC_WARN_UNUSED_VARIABLE = YES;
				IPHONEOS_DEPLOYMENT_TARGET = 9.2;
				MTL_ENABLE_DEBUG_INFO = NO;
				SDKROOT = iphoneos;
				TARGETED_DEVICE_FAMILY = "1,2";
				VALIDATE_PRODUCT = YES;
			};
			name = Release;
		};
		93FC496D1C6FB93F00B41CA5 /* Debug */ = {
			isa = XCBuildConfiguration;
			buildSettings = {
				ASSETCATALOG_COMPILER_APPICON_NAME = AppIcon;
				INFOPLIST_FILE = VirtualTourist/Info.plist;
				LD_RUNPATH_SEARCH_PATHS = "$(inherited) @executable_path/Frameworks";
				PRODUCT_BUNDLE_IDENTIFIER = com.mahisoft.VirtualTourist;
				PRODUCT_NAME = "$(TARGET_NAME)";
			};
			name = Debug;
		};
		93FC496E1C6FB93F00B41CA5 /* Release */ = {
			isa = XCBuildConfiguration;
			buildSettings = {
				ASSETCATALOG_COMPILER_APPICON_NAME = AppIcon;
				INFOPLIST_FILE = VirtualTourist/Info.plist;
				LD_RUNPATH_SEARCH_PATHS = "$(inherited) @executable_path/Frameworks";
				PRODUCT_BUNDLE_IDENTIFIER = com.mahisoft.VirtualTourist;
				PRODUCT_NAME = "$(TARGET_NAME)";
			};
			name = Release;
		};
/* End XCBuildConfiguration section */

/* Begin XCConfigurationList section */
		93FC49521C6FB93E00B41CA5 /* Build configuration list for PBXProject "VirtualTourist" */ = {
			isa = XCConfigurationList;
			buildConfigurations = (
				93FC496A1C6FB93F00B41CA5 /* Debug */,
				93FC496B1C6FB93F00B41CA5 /* Release */,
			);
			defaultConfigurationIsVisible = 0;
			defaultConfigurationName = Release;
		};
		93FC496C1C6FB93F00B41CA5 /* Build configuration list for PBXNativeTarget "VirtualTourist" */ = {
			isa = XCConfigurationList;
			buildConfigurations = (
				93FC496D1C6FB93F00B41CA5 /* Debug */,
				93FC496E1C6FB93F00B41CA5 /* Release */,
			);
			defaultConfigurationIsVisible = 0;
		};
/* End XCConfigurationList section */

/* Begin XCVersionGroup section */
		93FC49611C6FB93F00B41CA5 /* VirtualTourist.xcdatamodeld */ = {
			isa = XCVersionGroup;
			children = (
				93FC49621C6FB93F00B41CA5 /* VirtualTourist.xcdatamodel */,
			);
			currentVersion = 93FC49621C6FB93F00B41CA5 /* VirtualTourist.xcdatamodel */;
			path = VirtualTourist.xcdatamodeld;
			sourceTree = "<group>";
			versionGroupType = wrapper.xcdatamodel;
		};
/* End XCVersionGroup section */
	};
	rootObject = 93FC494F1C6FB93E00B41CA5 /* Project object */;
}
